
Microsoft Visual Studio Solution File, Format Version 12.00
# Visual Studio Version 17
VisualStudioVersion = 17.12.35707.178
MinimumVisualStudioVersion = 10.0.40219.1
Project("{FAE04EC0-301F-11D3-BF4B-00C04F79EFBC}") = "TestServerGreeter", "testapps\TestServerGreeter\TestServerGreeter.csproj", "{37239CA3-1129-433A-9DF9-404C74243AB2}"
EndProject
Project("{FAE04EC0-301F-11D3-BF4B-00C04F79EFBC}") = "TestServerGreeterTwo", "testapps\TestServerGreeterTwo\TestServerGreeterTwo.csproj", "{1C5EB19C-88CD-465C-9925-8FFF703AF017}"
EndProject
Project("{FAE04EC0-301F-11D3-BF4B-00C04F79EFBC}") = "Extensions.Yarp.Grpc", "src\Extensions.Yarp.Grpc\Extensions.Yarp.Grpc.csproj", "{34079658-817A-4E7D-B319-78C5A8799977}"
EndProject
Project("{FAE04EC0-301F-11D3-BF4B-00C04F79EFBC}") = "Host", "testapps\Host\Host.csproj", "{3D9FCD36-3105-49C6-9E0D-64FBB48CAE13}"
EndProject
Global
	GlobalSection(SolutionConfigurationPlatforms) = preSolution
		Debug|Any CPU = Debug|Any CPU
		Release|Any CPU = Release|Any CPU
	EndGlobalSection
	GlobalSection(ProjectConfigurationPlatforms) = postSolution
		{37239CA3-1129-433A-9DF9-404C74243AB2}.Debug|Any CPU.ActiveCfg = Debug|Any CPU
		{37239CA3-1129-433A-9DF9-404C74243AB2}.Debug|Any CPU.Build.0 = Debug|Any CPU
		{37239CA3-1129-433A-9DF9-404C74243AB2}.Release|Any CPU.ActiveCfg = Release|Any CPU
		{37239CA3-1129-433A-9DF9-404C74243AB2}.Release|Any CPU.Build.0 = Release|Any CPU
		{1C5EB19C-88CD-465C-9925-8FFF703AF017}.Debug|Any CPU.ActiveCfg = Debug|Any CPU
		{1C5EB19C-88CD-465C-9925-8FFF703AF017}.Debug|Any CPU.Build.0 = Debug|Any CPU
		{1C5EB19C-88CD-465C-9925-8FFF703AF017}.Release|Any CPU.ActiveCfg = Release|Any CPU
		{1C5EB19C-88CD-465C-9925-8FFF703AF017}.Release|Any CPU.Build.0 = Release|Any CPU
		{34079658-817A-4E7D-B319-78C5A8799977}.Debug|Any CPU.ActiveCfg = Debug|Any CPU
		{34079658-817A-4E7D-B319-78C5A8799977}.Debug|Any CPU.Build.0 = Debug|Any CPU
		{34079658-817A-4E7D-B319-78C5A8799977}.Release|Any CPU.ActiveCfg = Release|Any CPU
		{34079658-817A-4E7D-B319-78C5A8799977}.Release|Any CPU.Build.0 = Release|Any CPU
		{3D9FCD36-3105-49C6-9E0D-64FBB48CAE13}.Debug|Any CPU.ActiveCfg = Debug|Any CPU
		{3D9FCD36-3105-49C6-9E0D-64FBB48CAE13}.Debug|Any CPU.Build.0 = Debug|Any CPU
		{3D9FCD36-3105-49C6-9E0D-64FBB48CAE13}.Release|Any CPU.ActiveCfg = Release|Any CPU
		{3D9FCD36-3105-49C6-9E0D-64FBB48CAE13}.Release|Any CPU.Build.0 = Release|Any CPU
	EndGlobalSection
	GlobalSection(SolutionProperties) = preSolution
		HideSolutionNode = FALSE
	EndGlobalSection
EndGlobal
